
Microsoft Visual Studio Solution File, Format Version 12.00
# Visual Studio 2012
Project("{FAE04EC0-301F-11D3-BF4B-00C04F79EFBC}") = "tablamultiplicarinput", "tablamultiplicarinput\tablamultiplicarinput.csproj", "{CF729A09-EB8A-4121-824F-5BE68492E80A}"
EndProject
Global
	GlobalSection(SolutionConfigurationPlatforms) = preSolution
		Debug|Any CPU = Debug|Any CPU
		Release|Any CPU = Release|Any CPU
	EndGlobalSection
	GlobalSection(ProjectConfigurationPlatforms) = postSolution
		{CF729A09-EB8A-4121-824F-5BE68492E80A}.Debug|Any CPU.ActiveCfg = Debug|Any CPU
		{CF729A09-EB8A-4121-824F-5BE68492E80A}.Debug|Any CPU.Build.0 = Debug|Any CPU
		{CF729A09-EB8A-4121-824F-5BE68492E80A}.Release|Any CPU.ActiveCfg = Release|Any CPU
		{CF729A09-EB8A-4121-824F-5BE68492E80A}.Release|Any CPU.Build.0 = Release|Any CPU
	EndGlobalSection
	GlobalSection(SolutionProperties) = preSolution
		HideSolutionNode = FALSE
	EndGlobalSection
EndGlobal
